
Microsoft Visual Studio Solution File, Format Version 12.00
# Visual Studio Version 16
VisualStudioVersion = 16.0.30621.155
MinimumVisualStudioVersion = 10.0.40219.1
Project("{FAE04EC0-301F-11D3-BF4B-00C04F79EFBC}") = "HmacTCP", "HmacTCP.csproj", "{96D14D30-2A89-4DEA-A949-D8279B84FDC4}"
EndProject
Project("{FAE04EC0-301F-11D3-BF4B-00C04F79EFBC}") = "UnitTest", "..\UnitTest\UnitTest.csproj", "{6A0347D9-6C4C-4212-B7CE-082470889044}"
EndProject
Global
	GlobalSection(SolutionConfigurationPlatforms) = preSolution
		Debug|Any CPU = Debug|Any CPU
		Release|Any CPU = Release|Any CPU
	EndGlobalSection
	GlobalSection(ProjectConfigurationPlatforms) = postSolution
		{96D14D30-2A89-4DEA-A949-D8279B84FDC4}.Debug|Any CPU.ActiveCfg = Debug|Any CPU
		{96D14D30-2A89-4DEA-A949-D8279B84FDC4}.Debug|Any CPU.Build.0 = Debug|Any CPU
		{96D14D30-2A89-4DEA-A949-D8279B84FDC4}.Release|Any CPU.ActiveCfg = Release|Any CPU
		{96D14D30-2A89-4DEA-A949-D8279B84FDC4}.Release|Any CPU.Build.0 = Release|Any CPU
		{6A0347D9-6C4C-4212-B7CE-082470889044}.Debug|Any CPU.ActiveCfg = Debug|Any CPU
		{6A0347D9-6C4C-4212-B7CE-082470889044}.Debug|Any CPU.Build.0 = Debug|Any CPU
		{6A0347D9-6C4C-4212-B7CE-082470889044}.Release|Any CPU.ActiveCfg = Release|Any CPU
		{6A0347D9-6C4C-4212-B7CE-082470889044}.Release|Any CPU.Build.0 = Release|Any CPU
	EndGlobalSection
	GlobalSection(SolutionProperties) = preSolution
		HideSolutionNode = FALSE
	EndGlobalSection
	GlobalSection(ExtensibilityGlobals) = postSolution
		SolutionGuid = {1199C2DA-DC6E-49B3-ADDF-383AFAA2063F}
	EndGlobalSection
EndGlobal
